{
  "version": 4,
  "terraform_version": "1.1.2",
  "serial": 71,
  "lineage": "a2872ac4-07af-b600-971f-afc5a18ee356",
  "outputs": {},
  "resources": [
    {
      "module": "module.mis_redes_1",
      "mode": "managed",
      "type": "aws_subnet",
      "name": "subred_privada_1",
      "provider": "provider[\"registry.terraform.io/hashicorp/aws\"]",
      "instances": [
        {
          "schema_version": 1,
          "attributes": {
            "arn": "arn:aws:ec2:eu-west-3:832828553875:subnet/subnet-059310403386d7265",
            "assign_ipv6_address_on_creation": false,
            "availability_zone": "eu-west-3a",
            "availability_zone_id": "euw3-az1",
            "cidr_block": "192.168.95.0/24",
            "customer_owned_ipv4_pool": "",
            "enable_dns64": false,
            "enable_resource_name_dns_a_record_on_launch": false,
            "enable_resource_name_dns_aaaa_record_on_launch": false,
            "id": "subnet-059310403386d7265",
            "ipv6_cidr_block": "",
            "ipv6_cidr_block_association_id": "",
            "ipv6_native": false,
            "map_customer_owned_ip_on_launch": false,
            "map_public_ip_on_launch": false,
            "outpost_arn": "",
            "owner_id": "832828553875",
            "private_dns_hostname_type_on_launch": "ip-name",
            "tags": {
              "Name": "subnet-ux_ui"
            },
            "tags_all": {
              "Name": "subnet-ux_ui"
            },
            "timeouts": null,
            "vpc_id": "vpc-0ba66b4647c76dc27"
          },
          "sensitive_attributes": [],
          "private": "eyJlMmJmYjczMC1lY2FhLTExZTYtOGY4OC0zNDM2M2JjN2M0YzAiOnsiY3JlYXRlIjo2MDAwMDAwMDAwMDAsImRlbGV0ZSI6MTIwMDAwMDAwMDAwMH0sInNjaGVtYV92ZXJzaW9uIjoiMSJ9",
          "dependencies": [
            "module.mis_redes_1.aws_vpc.mi_red"
          ]
        }
      ]
    },
    {
      "module": "module.mis_redes_1",
      "mode": "managed",
      "type": "aws_vpc",
      "name": "mi_red",
      "provider": "provider[\"registry.terraform.io/hashicorp/aws\"]",
      "instances": [
        {
          "schema_version": 1,
          "attributes": {
            "arn": "arn:aws:ec2:eu-west-3:832828553875:vpc/vpc-0ba66b4647c76dc27",
            "assign_generated_ipv6_cidr_block": false,
            "cidr_block": "192.168.0.0/16",
            "default_network_acl_id": "acl-0bd4fcd859d9c2ab4",
            "default_route_table_id": "rtb-0ce39d8962ef2342f",
            "default_security_group_id": "sg-028b547e2f3e7dc9d",
            "dhcp_options_id": "dopt-6ad60b02",
            "enable_classiclink": null,
            "enable_classiclink_dns_support": null,
            "enable_dns_hostnames": false,
            "enable_dns_support": true,
            "id": "vpc-0ba66b4647c76dc27",
            "instance_tenancy": "default",
            "ipv4_ipam_pool_id": null,
            "ipv4_netmask_length": null,
            "ipv6_association_id": "",
            "ipv6_cidr_block": "",
            "ipv6_ipam_pool_id": null,
            "ipv6_netmask_length": null,
            "main_route_table_id": "rtb-0ce39d8962ef2342f",
            "owner_id": "832828553875",
            "tags": {
              "Name": "vpc-ux_ui"
            },
            "tags_all": {
              "Name": "vpc-ux_ui"
            }
          },
          "sensitive_attributes": [],
          "private": "eyJzY2hlbWFfdmVyc2lvbiI6IjEifQ=="
        }
      ]
    },
    {
      "module": "module.mis_redes_2",
      "mode": "managed",
      "type": "aws_subnet",
      "name": "subred_privada_1",
      "provider": "provider[\"registry.terraform.io/hashicorp/aws\"]",
      "instances": [
        {
          "schema_version": 1,
          "attributes": {
            "arn": "arn:aws:ec2:eu-west-3:832828553875:subnet/subnet-0cab950423132c5c2",
            "assign_ipv6_address_on_creation": false,
            "availability_zone": "eu-west-3a",
            "availability_zone_id": "euw3-az1",
            "cidr_block": "172.16.30.0/24",
            "customer_owned_ipv4_pool": "",
            "enable_dns64": false,
            "enable_resource_name_dns_a_record_on_launch": false,
            "enable_resource_name_dns_aaaa_record_on_launch": false,
            "id": "subnet-0cab950423132c5c2",
            "ipv6_cidr_block": "",
            "ipv6_cidr_block_association_id": "",
            "ipv6_native": false,
            "map_customer_owned_ip_on_launch": false,
            "map_public_ip_on_launch": false,
            "outpost_arn": "",
            "owner_id": "832828553875",
            "private_dns_hostname_type_on_launch": "ip-name",
            "tags": {
              "Name": "subnet-big_data"
            },
            "tags_all": {
              "Name": "subnet-big_data"
            },
            "timeouts": null,
            "vpc_id": "vpc-09768a6873b742022"
          },
          "sensitive_attributes": [],
          "private": "eyJlMmJmYjczMC1lY2FhLTExZTYtOGY4OC0zNDM2M2JjN2M0YzAiOnsiY3JlYXRlIjo2MDAwMDAwMDAwMDAsImRlbGV0ZSI6MTIwMDAwMDAwMDAwMH0sInNjaGVtYV92ZXJzaW9uIjoiMSJ9",
          "dependencies": [
            "module.mis_redes_2.aws_vpc.mi_red"
          ]
        }
      ]
    },
    {
      "module": "module.mis_redes_2",
      "mode": "managed",
      "type": "aws_vpc",
      "name": "mi_red",
      "provider": "provider[\"registry.terraform.io/hashicorp/aws\"]",
      "instances": [
        {
          "schema_version": 1,
          "attributes": {
            "arn": "arn:aws:ec2:eu-west-3:832828553875:vpc/vpc-09768a6873b742022",
            "assign_generated_ipv6_cidr_block": false,
            "cidr_block": "172.16.0.0/16",
            "default_network_acl_id": "acl-027c7477f3e8e0a28",
            "default_route_table_id": "rtb-0a92bc6a85b601525",
            "default_security_group_id": "sg-09b7f8f0b852d4454",
            "dhcp_options_id": "dopt-6ad60b02",
            "enable_classiclink": null,
            "enable_classiclink_dns_support": null,
            "enable_dns_hostnames": false,
            "enable_dns_support": true,
            "id": "vpc-09768a6873b742022",
            "instance_tenancy": "default",
            "ipv4_ipam_pool_id": null,
            "ipv4_netmask_length": null,
            "ipv6_association_id": "",
            "ipv6_cidr_block": "",
            "ipv6_ipam_pool_id": null,
            "ipv6_netmask_length": null,
            "main_route_table_id": "rtb-0a92bc6a85b601525",
            "owner_id": "832828553875",
            "tags": {
              "Name": "vpc-big_data"
            },
            "tags_all": {
              "Name": "vpc-big_data"
            }
          },
          "sensitive_attributes": [],
          "private": "eyJzY2hlbWFfdmVyc2lvbiI6IjEifQ=="
        }
      ]
    },
    {
      "module": "module.mis_redes_3",
      "mode": "managed",
      "type": "aws_subnet",
      "name": "subred_privada_1",
      "provider": "provider[\"registry.terraform.io/hashicorp/aws\"]",
      "instances": [
        {
          "schema_version": 1,
          "attributes": {
            "arn": "arn:aws:ec2:eu-west-3:832828553875:subnet/subnet-0afc2566ba37debfe",
            "assign_ipv6_address_on_creation": false,
            "availability_zone": "eu-west-3a",
            "availability_zone_id": "euw3-az1",
            "cidr_block": "10.50.70.0/24",
            "customer_owned_ipv4_pool": "",
            "enable_dns64": false,
            "enable_resource_name_dns_a_record_on_launch": false,
            "enable_resource_name_dns_aaaa_record_on_launch": false,
            "id": "subnet-0afc2566ba37debfe",
            "ipv6_cidr_block": "",
            "ipv6_cidr_block_association_id": "",
            "ipv6_native": false,
            "map_customer_owned_ip_on_launch": false,
            "map_public_ip_on_launch": false,
            "outpost_arn": "",
            "owner_id": "832828553875",
            "private_dns_hostname_type_on_launch": "ip-name",
            "tags": {
              "Name": "subnet-artificial_intelligence"
            },
            "tags_all": {
              "Name": "subnet-artificial_intelligence"
            },
            "timeouts": null,
            "vpc_id": "vpc-0c695eff07417cd02"
          },
          "sensitive_attributes": [],
          "private": "eyJlMmJmYjczMC1lY2FhLTExZTYtOGY4OC0zNDM2M2JjN2M0YzAiOnsiY3JlYXRlIjo2MDAwMDAwMDAwMDAsImRlbGV0ZSI6MTIwMDAwMDAwMDAwMH0sInNjaGVtYV92ZXJzaW9uIjoiMSJ9",
          "dependencies": [
            "module.mis_redes_3.aws_vpc.mi_red"
          ]
        }
      ]
    },
    {
      "module": "module.mis_redes_3",
      "mode": "managed",
      "type": "aws_vpc",
      "name": "mi_red",
      "provider": "provider[\"registry.terraform.io/hashicorp/aws\"]",
      "instances": [
        {
          "schema_version": 1,
          "attributes": {
            "arn": "arn:aws:ec2:eu-west-3:832828553875:vpc/vpc-0c695eff07417cd02",
            "assign_generated_ipv6_cidr_block": false,
            "cidr_block": "10.50.0.0/16",
            "default_network_acl_id": "acl-039e35dc465bcaad0",
            "default_route_table_id": "rtb-01ea47c76bce1447a",
            "default_security_group_id": "sg-0bc0cabe26c34b6ac",
            "dhcp_options_id": "dopt-6ad60b02",
            "enable_classiclink": null,
            "enable_classiclink_dns_support": null,
            "enable_dns_hostnames": false,
            "enable_dns_support": true,
            "id": "vpc-0c695eff07417cd02",
            "instance_tenancy": "default",
            "ipv4_ipam_pool_id": null,
            "ipv4_netmask_length": null,
            "ipv6_association_id": "",
            "ipv6_cidr_block": "",
            "ipv6_ipam_pool_id": null,
            "ipv6_netmask_length": null,
            "main_route_table_id": "rtb-01ea47c76bce1447a",
            "owner_id": "832828553875",
            "tags": {
              "Name": "vpc-artificial_intelligence"
            },
            "tags_all": {
              "Name": "vpc-artificial_intelligence"
            }
          },
          "sensitive_attributes": [],
          "private": "eyJzY2hlbWFfdmVyc2lvbiI6IjEifQ=="
        }
      ]
    }
  ]
}
